// !$*UTF8*$!
{
	archiveVersion = 1;
	classes = {
	};
	objectVersion = 46;
	objects = {

/* Begin PBXBuildFile section */
		F454B7F21C0DFC73005427A8 /* AppDelegate.swift in Sources */ = {isa = PBXBuildFile; fileRef = F454B7F11C0DFC73005427A8 /* AppDelegate.swift */; };
		F454B7F41C0DFC73005427A8 /* ViewController.swift in Sources */ = {isa = PBXBuildFile; fileRef = F454B7F31C0DFC73005427A8 /* ViewController.swift */; };
		F454B7F71C0DFC73005427A8 /* Main.storyboard in Resources */ = {isa = PBXBuildFile; fileRef = F454B7F51C0DFC73005427A8 /* Main.storyboard */; };
		F454B7F91C0DFC73005427A8 /* Assets.xcassets in Resources */ = {isa = PBXBuildFile; fileRef = F454B7F81C0DFC73005427A8 /* Assets.xcassets */; };
		F454B7FC1C0DFC73005427A8 /* LaunchScreen.storyboard in Resources */ = {isa = PBXBuildFile; fileRef = F454B7FA1C0DFC73005427A8 /* LaunchScreen.storyboard */; };
		F454B8171C0DFD16005427A8 /* libsqlite3.tbd in Frameworks */ = {isa = PBXBuildFile; fileRef = F454B8161C0DFD16005427A8 /* libsqlite3.tbd */; };
		F454B8241C0DFFAA005427A8 /* FMDatabase.m in Sources */ = {isa = PBXBuildFile; fileRef = F454B81A1C0DFFAA005427A8 /* FMDatabase.m */; };
		F454B8251C0DFFAA005427A8 /* FMDatabaseAdditions.m in Sources */ = {isa = PBXBuildFile; fileRef = F454B81C1C0DFFAA005427A8 /* FMDatabaseAdditions.m */; };
		F454B8261C0DFFAA005427A8 /* FMDatabasePool.m in Sources */ = {isa = PBXBuildFile; fileRef = F454B81E1C0DFFAA005427A8 /* FMDatabasePool.m */; };
		F454B8271C0DFFAA005427A8 /* FMDatabaseQueue.m in Sources */ = {isa = PBXBuildFile; fileRef = F454B8201C0DFFAA005427A8 /* FMDatabaseQueue.m */; };
		F454B8281C0DFFAA005427A8 /* FMResultSet.m in Sources */ = {isa = PBXBuildFile; fileRef = F454B8231C0DFFAA005427A8 /* FMResultSet.m */; };
		F454B82B1C0E057D005427A8 /* appdefaults in Resources */ = {isa = PBXBuildFile; fileRef = F454B82A1C0E057D005427A8 /* appdefaults */; };
		F454B82F1C0E07E9005427A8 /* LoginViewController.swift in Sources */ = {isa = PBXBuildFile; fileRef = F454B82E1C0E07E9005427A8 /* LoginViewController.swift */; };
		F454B8311C0E0E6A005427A8 /* bg-home.jpg in Resources */ = {isa = PBXBuildFile; fileRef = F454B8301C0E0E6A005427A8 /* bg-home.jpg */; };
		F454B8331C0E1D36005427A8 /* SettingsController.swift in Sources */ = {isa = PBXBuildFile; fileRef = F454B8321C0E1D36005427A8 /* SettingsController.swift */; };
		F454B8351C0F8E0A005427A8 /* AppImageController.swift in Sources */ = {isa = PBXBuildFile; fileRef = F454B8341C0F8E0A005427A8 /* AppImageController.swift */; };
/* End PBXBuildFile section */

/* Begin PBXFileReference section */
		F454B7EE1C0DFC73005427A8 /* Eye-Genie.app */ = {isa = PBXFileReference; explicitFileType = wrapper.application; includeInIndex = 0; path = "Eye-Genie.app"; sourceTree = BUILT_PRODUCTS_DIR; };
		F454B7F11C0DFC73005427A8 /* AppDelegate.swift */ = {isa = PBXFileReference; lastKnownFileType = sourcecode.swift; path = AppDelegate.swift; sourceTree = "<group>"; };
		F454B7F31C0DFC73005427A8 /* ViewController.swift */ = {isa = PBXFileReference; lastKnownFileType = sourcecode.swift; path = ViewController.swift; sourceTree = "<group>"; };
		F454B7F61C0DFC73005427A8 /* Base */ = {isa = PBXFileReference; lastKnownFileType = file.storyboard; name = Base; path = Base.lproj/Main.storyboard; sourceTree = "<group>"; };
		F454B7F81C0DFC73005427A8 /* Assets.xcassets */ = {isa = PBXFileReference; lastKnownFileType = folder.assetcatalog; path = Assets.xcassets; sourceTree = "<group>"; };
		F454B7FB1C0DFC73005427A8 /* Base */ = {isa = PBXFileReference; lastKnownFileType = file.storyboard; name = Base; path = Base.lproj/LaunchScreen.storyboard; sourceTree = "<group>"; };
		F454B7FD1C0DFC73005427A8 /* Info.plist */ = {isa = PBXFileReference; lastKnownFileType = text.plist.xml; path = Info.plist; sourceTree = "<group>"; };
		F454B8161C0DFD16005427A8 /* libsqlite3.tbd */ = {isa = PBXFileReference; lastKnownFileType = "sourcecode.text-based-dylib-definition"; name = libsqlite3.tbd; path = usr/lib/libsqlite3.tbd; sourceTree = SDKROOT; };
		F454B8191C0DFFAA005427A8 /* FMDatabase.h */ = {isa = PBXFileReference; fileEncoding = 4; lastKnownFileType = sourcecode.c.h; path = FMDatabase.h; sourceTree = "<group>"; };
		F454B81A1C0DFFAA005427A8 /* FMDatabase.m */ = {isa = PBXFileReference; fileEncoding = 4; lastKnownFileType = sourcecode.c.objc; path = FMDatabase.m; sourceTree = "<group>"; };
		F454B81B1C0DFFAA005427A8 /* FMDatabaseAdditions.h */ = {isa = PBXFileReference; fileEncoding = 4; lastKnownFileType = sourcecode.c.h; path = FMDatabaseAdditions.h; sourceTree = "<group>"; };
		F454B81C1C0DFFAA005427A8 /* FMDatabaseAdditions.m */ = {isa = PBXFileReference; fileEncoding = 4; lastKnownFileType = sourcecode.c.objc; path = FMDatabaseAdditions.m; sourceTree = "<group>"; };
		F454B81D1C0DFFAA005427A8 /* FMDatabasePool.h */ = {isa = PBXFileReference; fileEncoding = 4; lastKnownFileType = sourcecode.c.h; path = FMDatabasePool.h; sourceTree = "<group>"; };
		F454B81E1C0DFFAA005427A8 /* FMDatabasePool.m */ = {isa = PBXFileReference; fileEncoding = 4; lastKnownFileType = sourcecode.c.objc; path = FMDatabasePool.m; sourceTree = "<group>"; };
		F454B81F1C0DFFAA005427A8 /* FMDatabaseQueue.h */ = {isa = PBXFileReference; fileEncoding = 4; lastKnownFileType = sourcecode.c.h; path = FMDatabaseQueue.h; sourceTree = "<group>"; };
		F454B8201C0DFFAA005427A8 /* FMDatabaseQueue.m */ = {isa = PBXFileReference; fileEncoding = 4; lastKnownFileType = sourcecode.c.objc; path = FMDatabaseQueue.m; sourceTree = "<group>"; };
		F454B8211C0DFFAA005427A8 /* FMDB.h */ = {isa = PBXFileReference; fileEncoding = 4; lastKnownFileType = sourcecode.c.h; path = FMDB.h; sourceTree = "<group>"; };
		F454B8221C0DFFAA005427A8 /* FMResultSet.h */ = {isa = PBXFileReference; fileEncoding = 4; lastKnownFileType = sourcecode.c.h; path = FMResultSet.h; sourceTree = "<group>"; };
		F454B8231C0DFFAA005427A8 /* FMResultSet.m */ = {isa = PBXFileReference; fileEncoding = 4; lastKnownFileType = sourcecode.c.objc; path = FMResultSet.m; sourceTree = "<group>"; };
		F454B8291C0DFFC7005427A8 /* Eye-Genie-Bridging-Header.h */ = {isa = PBXFileReference; lastKnownFileType = sourcecode.c.h; path = "Eye-Genie-Bridging-Header.h"; sourceTree = "<group>"; };
		F454B82A1C0E057D005427A8 /* appdefaults */ = {isa = PBXFileReference; lastKnownFileType = folder; path = appdefaults; sourceTree = "<group>"; };
		F454B82E1C0E07E9005427A8 /* LoginViewController.swift */ = {isa = PBXFileReference; fileEncoding = 4; lastKnownFileType = sourcecode.swift; path = LoginViewController.swift; sourceTree = "<group>"; };
		F454B8301C0E0E6A005427A8 /* bg-home.jpg */ = {isa = PBXFileReference; lastKnownFileType = image.jpeg; name = "bg-home.jpg"; path = "appdefaults/bg-home.jpg"; sourceTree = "<group>"; };
		F454B8321C0E1D36005427A8 /* SettingsController.swift */ = {isa = PBXFileReference; fileEncoding = 4; lastKnownFileType = sourcecode.swift; path = SettingsController.swift; sourceTree = "<group>"; };
		F454B8341C0F8E0A005427A8 /* AppImageController.swift */ = {isa = PBXFileReference; fileEncoding = 4; lastKnownFileType = sourcecode.swift; name = AppImageController.swift; path = ../AppImageController.swift; sourceTree = "<group>"; };
/* End PBXFileReference section */

/* Begin PBXFrameworksBuildPhase section */
		F454B7EB1C0DFC73005427A8 /* Frameworks */ = {
			isa = PBXFrameworksBuildPhase;
			buildActionMask = 2147483647;
			files = (
				F454B8171C0DFD16005427A8 /* libsqlite3.tbd in Frameworks */,
			);
			runOnlyForDeploymentPostprocessing = 0;
		};
/* End PBXFrameworksBuildPhase section */

/* Begin PBXGroup section */
		F454B7E51C0DFC73005427A8 = {
			isa = PBXGroup;
			children = (
				F454B8161C0DFD16005427A8 /* libsqlite3.tbd */,
				F454B7F01C0DFC73005427A8 /* Eye-Genie */,
				F454B7EF1C0DFC73005427A8 /* Products */,
			);
			sourceTree = "<group>";
		};
		F454B7EF1C0DFC73005427A8 /* Products */ = {
			isa = PBXGroup;
			children = (
				F454B7EE1C0DFC73005427A8 /* Eye-Genie.app */,
			);
			name = Products;
			sourceTree = "<group>";
		};
		F454B7F01C0DFC73005427A8 /* Eye-Genie */ = {
			isa = PBXGroup;
			children = (
				F454B8181C0DFFAA005427A8 /* fmdb */,
				F454B7F11C0DFC73005427A8 /* AppDelegate.swift */,
				F454B7F51C0DFC73005427A8 /* Main.storyboard */,
				F454B8341C0F8E0A005427A8 /* AppImageController.swift */,
				F454B82E1C0E07E9005427A8 /* LoginViewController.swift */,
				F454B8321C0E1D36005427A8 /* SettingsController.swift */,
				F454B7F31C0DFC73005427A8 /* ViewController.swift */,
				F454B82A1C0E057D005427A8 /* appdefaults */,
				F454B7F81C0DFC73005427A8 /* Assets.xcassets */,
				F454B8301C0E0E6A005427A8 /* bg-home.jpg */,
				F454B7FA1C0DFC73005427A8 /* LaunchScreen.storyboard */,
				F454B7FD1C0DFC73005427A8 /* Info.plist */,
			);
			path = "Eye-Genie";
			sourceTree = "<group>";
		};
		F454B8181C0DFFAA005427A8 /* fmdb */ = {
			isa = PBXGroup;
			children = (
				F454B8191C0DFFAA005427A8 /* FMDatabase.h */,
				F454B81A1C0DFFAA005427A8 /* FMDatabase.m */,
				F454B81B1C0DFFAA005427A8 /* FMDatabaseAdditions.h */,
				F454B81C1C0DFFAA005427A8 /* FMDatabaseAdditions.m */,
				F454B81D1C0DFFAA005427A8 /* FMDatabasePool.h */,
				F454B81E1C0DFFAA005427A8 /* FMDatabasePool.m */,
				F454B81F1C0DFFAA005427A8 /* FMDatabaseQueue.h */,
				F454B8201C0DFFAA005427A8 /* FMDatabaseQueue.m */,
				F454B8211C0DFFAA005427A8 /* FMDB.h */,
				F454B8221C0DFFAA005427A8 /* FMResultSet.h */,
				F454B8231C0DFFAA005427A8 /* FMResultSet.m */,
				F454B8291C0DFFC7005427A8 /* Eye-Genie-Bridging-Header.h */,
			);
			path = fmdb;
			sourceTree = "<group>";
		};
/* End PBXGroup section */

/* Begin PBXNativeTarget section */
		F454B7ED1C0DFC73005427A8 /* Eye-Genie */ = {
			isa = PBXNativeTarget;
			buildConfigurationList = F454B8001C0DFC73005427A8 /* Build configuration list for PBXNativeTarget "Eye-Genie" */;
			buildPhases = (
				F454B7EA1C0DFC73005427A8 /* Sources */,
				F454B7EB1C0DFC73005427A8 /* Frameworks */,
				F454B7EC1C0DFC73005427A8 /* Resources */,
			);
			buildRules = (
			);
			dependencies = (
			);
			name = "Eye-Genie";
			productName = "Eye-Genie";
			productReference = F454B7EE1C0DFC73005427A8 /* Eye-Genie.app */;
			productType = "com.apple.product-type.application";
		};
/* End PBXNativeTarget section */

/* Begin PBXProject section */
		F454B7E61C0DFC73005427A8 /* Project object */ = {
			isa = PBXProject;
			attributes = {
				LastSwiftUpdateCheck = 0710;
				LastUpgradeCheck = 0710;
				ORGANIZATIONNAME = "Bceen Ventures";
				TargetAttributes = {
					F454B7ED1C0DFC73005427A8 = {
						CreatedOnToolsVersion = 7.1;
					};
				};
			};
			buildConfigurationList = F454B7E91C0DFC73005427A8 /* Build configuration list for PBXProject "Eye-Genie" */;
			compatibilityVersion = "Xcode 3.2";
			developmentRegion = English;
			hasScannedForEncodings = 0;
			knownRegions = (
				en,
				Base,
			);
			mainGroup = F454B7E51C0DFC73005427A8;
			productRefGroup = F454B7EF1C0DFC73005427A8 /* Products */;
			projectDirPath = "";
			projectRoot = "";
			targets = (
				F454B7ED1C0DFC73005427A8 /* Eye-Genie */,
			);
		};
/* End PBXProject section */

/* Begin PBXResourcesBuildPhase section */
		F454B7EC1C0DFC73005427A8 /* Resources */ = {
			isa = PBXResourcesBuildPhase;
			buildActionMask = 2147483647;
			files = (
				F454B82B1C0E057D005427A8 /* appdefaults in Resources */,
				F454B7FC1C0DFC73005427A8 /* LaunchScreen.storyboard in Resources */,
				F454B8311C0E0E6A005427A8 /* bg-home.jpg in Resources */,
				F454B7F91C0DFC73005427A8 /* Assets.xcassets in Resources */,
				F454B7F71C0DFC73005427A8 /* Main.storyboard in Resources */,
			);
			runOnlyForDeploymentPostprocessing = 0;
		};
/* End PBXResourcesBuildPhase section */

/* Begin PBXSourcesBuildPhase section */
		F454B7EA1C0DFC73005427A8 /* Sources */ = {
			isa = PBXSourcesBuildPhase;
			buildActionMask = 2147483647;
			files = (
				F454B8331C0E1D36005427A8 /* SettingsController.swift in Sources */,
				F454B8241C0DFFAA005427A8 /* FMDatabase.m in Sources */,
				F454B7F41C0DFC73005427A8 /* ViewController.swift in Sources */,
				F454B8351C0F8E0A005427A8 /* AppImageController.swift in Sources */,
				F454B8281C0DFFAA005427A8 /* FMResultSet.m in Sources */,
				F454B8261C0DFFAA005427A8 /* FMDatabasePool.m in Sources */,
				F454B82F1C0E07E9005427A8 /* LoginViewController.swift in Sources */,
				F454B7F21C0DFC73005427A8 /* AppDelegate.swift in Sources */,
				F454B8251C0DFFAA005427A8 /* FMDatabaseAdditions.m in Sources */,
				F454B8271C0DFFAA005427A8 /* FMDatabaseQueue.m in Sources */,
			);
			runOnlyForDeploymentPostprocessing = 0;
		};
/* End PBXSourcesBuildPhase section */

/* Begin PBXVariantGroup section */
		F454B7F51C0DFC73005427A8 /* Main.storyboard */ = {
			isa = PBXVariantGroup;
			children = (
				F454B7F61C0DFC73005427A8 /* Base */,
			);
			name = Main.storyboard;
			sourceTree = "<group>";
		};
		F454B7FA1C0DFC73005427A8 /* LaunchScreen.storyboard */ = {
			isa = PBXVariantGroup;
			children = (
				F454B7FB1C0DFC73005427A8 /* Base */,
			);
			name = LaunchScreen.storyboard;
			sourceTree = "<group>";
		};
/* End PBXVariantGroup section */

/* Begin XCBuildConfiguration section */
		F454B7FE1C0DFC73005427A8 /* Debug */ = {
			isa = XCBuildConfiguration;
			buildSettings = {
				ALWAYS_SEARCH_USER_PATHS = NO;
				CLANG_CXX_LANGUAGE_STANDARD = "gnu++0x";
				CLANG_CXX_LIBRARY = "libc++";
				CLANG_ENABLE_MODULES = YES;
				CLANG_ENABLE_OBJC_ARC = YES;
				CLANG_WARN_BOOL_CONVERSION = YES;
				CLANG_WARN_CONSTANT_CONVERSION = YES;
				CLANG_WARN_DIRECT_OBJC_ISA_USAGE = YES_ERROR;
				CLANG_WARN_EMPTY_BODY = YES;
				CLANG_WARN_ENUM_CONVERSION = YES;
				CLANG_WARN_INT_CONVERSION = YES;
				CLANG_WARN_OBJC_ROOT_CLASS = YES_ERROR;
				CLANG_WARN_UNREACHABLE_CODE = YES;
				CLANG_WARN__DUPLICATE_METHOD_MATCH = YES;
				"CODE_SIGN_IDENTITY[sdk=iphoneos*]" = "iPhone Developer";
				COPY_PHASE_STRIP = NO;
				DEBUG_INFORMATION_FORMAT = dwarf;
				ENABLE_STRICT_OBJC_MSGSEND = YES;
				ENABLE_TESTABILITY = YES;
				GCC_C_LANGUAGE_STANDARD = gnu99;
				GCC_DYNAMIC_NO_PIC = NO;
				GCC_NO_COMMON_BLOCKS = YES;
				GCC_OPTIMIZATION_LEVEL = 0;
				GCC_PREPROCESSOR_DEFINITIONS = (
					"DEBUG=1",
					"$(inherited)",
				);
				GCC_WARN_64_TO_32_BIT_CONVERSION = YES;
				GCC_WARN_ABOUT_RETURN_TYPE = YES_ERROR;
				GCC_WARN_UNDECLARED_SELECTOR = YES;
				GCC_WARN_UNINITIALIZED_AUTOS = YES_AGGRESSIVE;
				GCC_WARN_UNUSED_FUNCTION = YES;
				GCC_WARN_UNUSED_VARIABLE = YES;
				IPHONEOS_DEPLOYMENT_TARGET = 9.1;
				MTL_ENABLE_DEBUG_INFO = YES;
				ONLY_ACTIVE_ARCH = YES;
				SDKROOT = iphoneos;
				SWIFT_OPTIMIZATION_LEVEL = "-Onone";
				TARGETED_DEVICE_FAMILY = 2;
			};
			name = Debug;
		};
		F454B7FF1C0DFC73005427A8 /* Release */ = {
			isa = XCBuildConfiguration;
			buildSettings = {
				ALWAYS_SEARCH_USER_PATHS = NO;
				CLANG_CXX_LANGUAGE_STANDARD = "gnu++0x";
				CLANG_CXX_LIBRARY = "libc++";
				CLANG_ENABLE_MODULES = YES;
				CLANG_ENABLE_OBJC_ARC = YES;
				CLANG_WARN_BOOL_CONVERSION = YES;
				CLANG_WARN_CONSTANT_CONVERSION = YES;
				CLANG_WARN_DIRECT_OBJC_ISA_USAGE = YES_ERROR;
				CLANG_WARN_EMPTY_BODY = YES;
				CLANG_WARN_ENUM_CONVERSION = YES;
				CLANG_WARN_INT_CONVERSION = YES;
				CLANG_WARN_OBJC_ROOT_CLASS = YES_ERROR;
				CLANG_WARN_UNREACHABLE_CODE = YES;
				CLANG_WARN__DUPLICATE_METHOD_MATCH = YES;
				"CODE_SIGN_IDENTITY[sdk=iphoneos*]" = "iPhone Developer";
				COPY_PHASE_STRIP = NO;
				DEBUG_INFORMATION_FORMAT = "dwarf-with-dsym";
				ENABLE_NS_ASSERTIONS = NO;
				ENABLE_STRICT_OBJC_MSGSEND = YES;
				GCC_C_LANGUAGE_STANDARD = gnu99;
				GCC_NO_COMMON_BLOCKS = YES;
				GCC_WARN_64_TO_32_BIT_CONVERSION = YES;
				GCC_WARN_ABOUT_RETURN_TYPE = YES_ERROR;
				GCC_WARN_UNDECLARED_SELECTOR = YES;
				GCC_WARN_UNINITIALIZED_AUTOS = YES_AGGRESSIVE;
				GCC_WARN_UNUSED_FUNCTION = YES;
				GCC_WARN_UNUSED_VARIABLE = YES;
				IPHONEOS_DEPLOYMENT_TARGET = 9.1;
				MTL_ENABLE_DEBUG_INFO = NO;
				SDKROOT = iphoneos;
				TARGETED_DEVICE_FAMILY = 2;
				VALIDATE_PRODUCT = YES;
			};
			name = Release;
		};
		F454B8011C0DFC73005427A8 /* Debug */ = {
			isa = XCBuildConfiguration;
			buildSettings = {
				ASSETCATALOG_COMPILER_APPICON_NAME = AppIcon;
				DEFINES_MODULE = YES;
				INFOPLIST_FILE = "Eye-Genie/Info.plist";
				LD_RUNPATH_SEARCH_PATHS = "$(inherited) @executable_path/Frameworks";
				PRODUCT_BUNDLE_IDENTIFIER = "com.optikkandr.eyegenie.Eye-Genie";
				PRODUCT_NAME = "$(TARGET_NAME)";
				SWIFT_OBJC_BRIDGING_HEADER = "Eye-Genie/fmdb/Eye-Genie-Bridging-Header.h";
			};
			name = Debug;
		};
		F454B8021C0DFC73005427A8 /* Release */ = {
			isa = XCBuildConfiguration;
			buildSettings = {
				ASSETCATALOG_COMPILER_APPICON_NAME = AppIcon;
				DEFINES_MODULE = YES;
				INFOPLIST_FILE = "Eye-Genie/Info.plist";
				LD_RUNPATH_SEARCH_PATHS = "$(inherited) @executable_path/Frameworks";
				PRODUCT_BUNDLE_IDENTIFIER = "com.optikkandr.eyegenie.Eye-Genie";
				PRODUCT_NAME = "$(TARGET_NAME)";
				SWIFT_OBJC_BRIDGING_HEADER = "Eye-Genie/fmdb/Eye-Genie-Bridging-Header.h";
			};
			name = Release;
		};
/* End XCBuildConfiguration section */

/* Begin XCConfigurationList section */
		F454B7E91C0DFC73005427A8 /* Build configuration list for PBXProject "Eye-Genie" */ = {
			isa = XCConfigurationList;
			buildConfigurations = (
				F454B7FE1C0DFC73005427A8 /* Debug */,
				F454B7FF1C0DFC73005427A8 /* Release */,
			);
			defaultConfigurationIsVisible = 0;
			defaultConfigurationName = Release;
		};
		F454B8001C0DFC73005427A8 /* Build configuration list for PBXNativeTarget "Eye-Genie" */ = {
			isa = XCConfigurationList;
			buildConfigurations = (
				F454B8011C0DFC73005427A8 /* Debug */,
				F454B8021C0DFC73005427A8 /* Release */,
			);
			defaultConfigurationIsVisible = 0;
			defaultConfigurationName = Release;
		};
/* End XCConfigurationList section */
	};
	rootObject = F454B7E61C0DFC73005427A8 /* Project object */;
}
